// !$*UTF8*$!
{
	archiveVersion = 1;
	classes = {
	};
	objectVersion = 77;
	objects = {

/* Begin PBXContainerItemProxy section */
		FCF0DAF62EA728840025D478 /* PBXContainerItemProxy */ = {
			isa = PBXContainerItemProxy;
			containerPortal = FCF0DAE02EA728830025D478 /* Project object */;
			proxyType = 1;
			remoteGlobalIDString = FCF0DAE72EA728830025D478;
			remoteInfo = mvpauthenticatorios;
		};
		FCF0DB002EA728840025D478 /* PBXContainerItemProxy */ = {
			isa = PBXContainerItemProxy;
			containerPortal = FCF0DAE02EA728830025D478 /* Project object */;
			proxyType = 1;
			remoteGlobalIDString = FCF0DAE72EA728830025D478;
			remoteInfo = mvpauthenticatorios;
		};
/* End PBXContainerItemProxy section */

/* Begin PBXFileReference section */
		FCF0DAE82EA728830025D478 /* mvpauthenticatorios.app */ = {isa = PBXFileReference; explicitFileType = wrapper.application; includeInIndex = 0; path = mvpauthenticatorios.app; sourceTree = BUILT_PRODUCTS_DIR; };
		FCF0DAF52EA728840025D478 /* mvpauthenticatoriosTests.xctest */ = {isa = PBXFileReference; explicitFileType = wrapper.cfbundle; includeInIndex = 0; path = mvpauthenticatoriosTests.xctest; sourceTree = BUILT_PRODUCTS_DIR; };
		FCF0DAFF2EA728840025D478 /* mvpauthenticatoriosUITests.xctest */ = {isa = PBXFileReference; explicitFileType = wrapper.cfbundle; includeInIndex = 0; path = mvpauthenticatoriosUITests.xctest; sourceTree = BUILT_PRODUCTS_DIR; };
/* End PBXFileReference section */

/* Begin PBXFileSystemSynchronizedBuildFileExceptionSet section */
		FCF0DB432EA773900025D478 /* Exceptions for "mvpauthenticatorios" folder in "mvpauthenticatorios" target */ = {
			isa = PBXFileSystemSynchronizedBuildFileExceptionSet;
			membershipExceptions = (
				Info.plist,
			);
			target = FCF0DAE72EA728830025D478 /* mvpauthenticatorios */;
		};
/* End PBXFileSystemSynchronizedBuildFileExceptionSet section */

/* Begin PBXFileSystemSynchronizedRootGroup section */
		FCF0DAEA2EA728830025D478 /* mvpauthenticatorios */ = {
			isa = PBXFileSystemSynchronizedRootGroup;
			exceptions = (
				FCF0DB432EA773900025D478 /* Exceptions for "mvpauthenticatorios" folder in "mvpauthenticatorios" target */,
			);
			path = mvpauthenticatorios;
			sourceTree = "<group>";
		};
		FCF0DAF82EA728840025D478 /* mvpauthenticatoriosTests */ = {
			isa = PBXFileSystemSynchronizedRootGroup;
			path = mvpauthenticatoriosTests;
			sourceTree = "<group>";
		};
		FCF0DB022EA728840025D478 /* mvpauthenticatoriosUITests */ = {
			isa = PBXFileSystemSynchronizedRootGroup;
			path = mvpauthenticatoriosUITests;
			sourceTree = "<group>";
		};
/* End PBXFileSystemSynchronizedRootGroup section */

/* Begin PBXFrameworksBuildPhase section */
		FCF0DAE52EA728830025D478 /* Frameworks */ = {
			isa = PBXFrameworksBuildPhase;
			buildActionMask = 2147483647;
			files = (
			);
			runOnlyForDeploymentPostprocessing = 0;
		};
		FCF0DAF22EA728840025D478 /* Frameworks */ = {
			isa = PBXFrameworksBuildPhase;
			buildActionMask = 2147483647;
			files = (
			);
			runOnlyForDeploymentPostprocessing = 0;
		};
		FCF0DAFC2EA728840025D478 /* Frameworks */ = {
			isa = PBXFrameworksBuildPhase;
			buildActionMask = 2147483647;
			files = (
			);
			runOnlyForDeploymentPostprocessing = 0;
		};
/* End PBXFrameworksBuildPhase section */

/* Begin PBXGroup section */
		FCF0DADF2EA728830025D478 = {
			isa = PBXGroup;
			children = (
				FCF0DAEA2EA728830025D478 /* mvpauthenticatorios */,
				FCF0DAF82EA728840025D478 /* mvpauthenticatoriosTests */,
				FCF0DB022EA728840025D478 /* mvpauthenticatoriosUITests */,
				FCF0DAE92EA728830025D478 /* Products */,
			);
			sourceTree = "<group>";
		};
		FCF0DAE92EA728830025D478 /* Products */ = {
			isa = PBXGroup;
			children = (
				FCF0DAE82EA728830025D478 /* mvpauthenticatorios.app */,
				FCF0DAF52EA728840025D478 /* mvpauthenticatoriosTests.xctest */,
				FCF0DAFF2EA728840025D478 /* mvpauthenticatoriosUITests.xctest */,
			);
			name = Products;
			sourceTree = "<group>";
		};
/* End PBXGroup section */

/* Begin PBXNativeTarget section */
		FCF0DAE72EA728830025D478 /* mvpauthenticatorios */ = {
			isa = PBXNativeTarget;
			buildConfigurationList = FCF0DB092EA728840025D478 /* Build configuration list for PBXNativeTarget "mvpauthenticatorios" */;
			buildPhases = (
				FCF0DAE42EA728830025D478 /* Sources */,
				FCF0DAE52EA728830025D478 /* Frameworks */,
				FCF0DAE62EA728830025D478 /* Resources */,
			);
			buildRules = (
			);
			dependencies = (
			);
			fileSystemSynchronizedGroups = (
				FCF0DAEA2EA728830025D478 /* mvpauthenticatorios */,
			);
			name = mvpauthenticatorios;
			packageProductDependencies = (
			);
			productName = mvpauthenticatorios;
			productReference = FCF0DAE82EA728830025D478 /* mvpauthenticatorios.app */;
			productType = "com.apple.product-type.application";
		};
		FCF0DAF42EA728840025D478 /* mvpauthenticatoriosTests */ = {
			isa = PBXNativeTarget;
			buildConfigurationList = FCF0DB0C2EA728840025D478 /* Build configuration list for PBXNativeTarget "mvpauthenticatoriosTests" */;
			buildPhases = (
				FCF0DAF12EA728840025D478 /* Sources */,
				FCF0DAF22EA728840025D478 /* Frameworks */,
				FCF0DAF32EA728840025D478 /* Resources */,
			);
			buildRules = (
			);
			dependencies = (
				FCF0DAF72EA728840025D478 /* PBXTargetDependency */,
			);
			fileSystemSynchronizedGroups = (
				FCF0DAF82EA728840025D478 /* mvpauthenticatoriosTests */,
			);
			name = mvpauthenticatoriosTests;
			packageProductDependencies = (
			);
			productName = mvpauthenticatoriosTests;
			productReference = FCF0DAF52EA728840025D478 /* mvpauthenticatoriosTests.xctest */;
			productType = "com.apple.product-type.bundle.unit-test";
		};
		FCF0DAFE2EA728840025D478 /* mvpauthenticatoriosUITests */ = {
			isa = PBXNativeTarget;
			buildConfigurationList = FCF0DB0F2EA728840025D478 /* Build configuration list for PBXNativeTarget "mvpauthenticatoriosUITests" */;
			buildPhases = (
				FCF0DAFB2EA728840025D478 /* Sources */,
				FCF0DAFC2EA728840025D478 /* Frameworks */,
				FCF0DAFD2EA728840025D478 /* Resources */,
			);
			buildRules = (
			);
			dependencies = (
				FCF0DB012EA728840025D478 /* PBXTargetDependency */,
			);
			fileSystemSynchronizedGroups = (
				FCF0DB022EA728840025D478 /* mvpauthenticatoriosUITests */,
			);
			name = mvpauthenticatoriosUITests;
			packageProductDependencies = (
			);
			productName = mvpauthenticatoriosUITests;
			productReference = FCF0DAFF2EA728840025D478 /* mvpauthenticatoriosUITests.xctest */;
			productType = "com.apple.product-type.bundle.ui-testing";
		};
/* End PBXNativeTarget section */

/* Begin PBXProject section */
		FCF0DAE02EA728830025D478 /* Project object */ = {
			isa = PBXProject;
			attributes = {
				BuildIndependentTargetsInParallel = 1;
				LastSwiftUpdateCheck = 1640;
				LastUpgradeCheck = 1640;
				TargetAttributes = {
					FCF0DAE72EA728830025D478 = {
						CreatedOnToolsVersion = 16.4;
					};
					FCF0DAF42EA728840025D478 = {
						CreatedOnToolsVersion = 16.4;
						TestTargetID = FCF0DAE72EA728830025D478;
					};
					FCF0DAFE2EA728840025D478 = {
						CreatedOnToolsVersion = 16.4;
						TestTargetID = FCF0DAE72EA728830025D478;
					};
				};
			};
			buildConfigurationList = FCF0DAE32EA728830025D478 /* Build configuration list for PBXProject "mvpauthenticatorios" */;
			developmentRegion = en;
			hasScannedForEncodings = 0;
			knownRegions = (
				en,
				Base,
			);
			mainGroup = FCF0DADF2EA728830025D478;
			minimizedProjectReferenceProxies = 1;
			preferredProjectObjectVersion = 77;
			productRefGroup = FCF0DAE92EA728830025D478 /* Products */;
			projectDirPath = "";
			projectRoot = "";
			targets = (
				FCF0DAE72EA728830025D478 /* mvpauthenticatorios */,
				FCF0DAF42EA728840025D478 /* mvpauthenticatoriosTests */,
				FCF0DAFE2EA728840025D478 /* mvpauthenticatoriosUITests */,
			);
		};
/* End PBXProject section */

/* Begin PBXResourcesBuildPhase section */
		FCF0DAE62EA728830025D478 /* Resources */ = {
			isa = PBXResourcesBuildPhase;
			buildActionMask = 2147483647;
			files = (
			);
			runOnlyForDeploymentPostprocessing = 0;
		};
		FCF0DAF32EA728840025D478 /* Resources */ = {
			isa = PBXResourcesBuildPhase;
			buildActionMask = 2147483647;
			files = (
			);
			runOnlyForDeploymentPostprocessing = 0;
		};
		FCF0DAFD2EA728840025D478 /* Resources */ = {
			isa = PBXResourcesBuildPhase;
			buildActionMask = 2147483647;
			files = (
			);
			runOnlyForDeploymentPostprocessing = 0;
		};
/* End PBXResourcesBuildPhase section */

/* Begin PBXSourcesBuildPhase section */
		FCF0DAE42EA728830025D478 /* Sources */ = {
			isa = PBXSourcesBuildPhase;
			buildActionMask = 2147483647;
			files = (
			);
			runOnlyForDeploymentPostprocessing = 0;
		};
		FCF0DAF12EA728840025D478 /* Sources */ = {
			isa = PBXSourcesBuildPhase;
			buildActionMask = 2147483647;
			files = (
			);
			runOnlyForDeploymentPostprocessing = 0;
		};
		FCF0DAFB2EA728840025D478 /* Sources */ = {
			isa = PBXSourcesBuildPhase;
			buildActionMask = 2147483647;
			files = (
			);
			runOnlyForDeploymentPostprocessing = 0;
		};
/* End PBXSourcesBuildPhase section */

/* Begin PBXTargetDependency section */
		FCF0DAF72EA728840025D478 /* PBXTargetDependency */ = {
			isa = PBXTargetDependency;
			target = FCF0DAE72EA728830025D478 /* mvpauthenticatorios */;
			targetProxy = FCF0DAF62EA728840025D478 /* PBXContainerItemProxy */;
		};
		FCF0DB012EA728840025D478 /* PBXTargetDependency */ = {
			isa = PBXTargetDependency;
			target = FCF0DAE72EA728830025D478 /* mvpauthenticatorios */;
			targetProxy = FCF0DB002EA728840025D478 /* PBXContainerItemProxy */;
		};
/* End PBXTargetDependency section */

/* Begin XCBuildConfiguration section */
		FCF0DB072EA728840025D478 /* Debug */ = {
			isa = XCBuildConfiguration;
			buildSettings = {
				ALWAYS_SEARCH_USER_PATHS = NO;
				ASSETCATALOG_COMPILER_GENERATE_SWIFT_ASSET_SYMBOL_EXTENSIONS = YES;
				CLANG_ANALYZER_NONNULL = YES;
				CLANG_ANALYZER_NUMBER_OBJECT_CONVERSION = YES_AGGRESSIVE;
				CLANG_CXX_LANGUAGE_STANDARD = "gnu++20";
				CLANG_ENABLE_MODULES = YES;
				CLANG_ENABLE_OBJC_ARC = YES;
				CLANG_ENABLE_OBJC_WEAK = YES;
				CLANG_WARN_BLOCK_CAPTURE_AUTORELEASING = YES;
				CLANG_WARN_BOOL_CONVERSION = YES;
				CLANG_WARN_COMMA = YES;
				CLANG_WARN_CONSTANT_CONVERSION = YES;
				CLANG_WARN_DEPRECATED_OBJC_IMPLEMENTATIONS = YES;
				CLANG_WARN_DIRECT_OBJC_ISA_USAGE = YES_ERROR;
				CLANG_WARN_DOCUMENTATION_COMMENTS = YES;
				CLANG_WARN_EMPTY_BODY = YES;
				CLANG_WARN_ENUM_CONVERSION = YES;
				CLANG_WARN_INFINITE_RECURSION = YES;
				CLANG_WARN_INT_CONVERSION = YES;
				CLANG_WARN_NON_LITERAL_NULL_CONVERSION = YES;
				CLANG_WARN_OBJC_IMPLICIT_RETAIN_SELF = YES;
				CLANG_WARN_OBJC_LITERAL_CONVERSION = YES;
				CLANG_WARN_OBJC_ROOT_CLASS = YES_ERROR;
				CLANG_WARN_QUOTED_INCLUDE_IN_FRAMEWORK_HEADER = YES;
				CLANG_WARN_RANGE_LOOP_ANALYSIS = YES;
				CLANG_WARN_STRICT_PROTOTYPES = YES;
				CLANG_WARN_SUSPICIOUS_MOVE = YES;
				CLANG_WARN_UNGUARDED_AVAILABILITY = YES_AGGRESSIVE;
				CLANG_WARN_UNREACHABLE_CODE = YES;
				CLANG_WARN__DUPLICATE_METHOD_MATCH = YES;
				COPY_PHASE_STRIP = NO;
				DEBUG_INFORMATION_FORMAT = dwarf;
				DEVELOPMENT_TEAM = 4ML6992G79;
				ENABLE_STRICT_OBJC_MSGSEND = YES;
				ENABLE_TESTABILITY = YES;
				ENABLE_USER_SCRIPT_SANDBOXING = YES;
				GCC_C_LANGUAGE_STANDARD = gnu17;
				GCC_DYNAMIC_NO_PIC = NO;
				GCC_NO_COMMON_BLOCKS = YES;
				GCC_OPTIMIZATION_LEVEL = 0;
				GCC_PREPROCESSOR_DEFINITIONS = (
					"DEBUG=1",
					"$(inherited)",
				);
				GCC_WARN_64_TO_32_BIT_CONVERSION = YES;
				GCC_WARN_ABOUT_RETURN_TYPE = YES_ERROR;
				GCC_WARN_UNDECLARED_SELECTOR = YES;
				GCC_WARN_UNINITIALIZED_AUTOS = YES_AGGRESSIVE;
				GCC_WARN_UNUSED_FUNCTION = YES;
				GCC_WARN_UNUSED_VARIABLE = YES;
				INFOPLIST_KEY_NSBluetoothWhileInUseUsageDescription = "";
				INFOPLIST_KEY_NSCameraUsageDescription = YES;
				IPHONEOS_DEPLOYMENT_TARGET = 18.5;
				LOCALIZATION_PREFERS_STRING_CATALOGS = YES;
				MTL_ENABLE_DEBUG_INFO = INCLUDE_SOURCE;
				MTL_FAST_MATH = YES;
				ONLY_ACTIVE_ARCH = YES;
				SDKROOT = iphoneos;
				SWIFT_ACTIVE_COMPILATION_CONDITIONS = "DEBUG $(inherited)";
				SWIFT_OPTIMIZATION_LEVEL = "-Onone";
			};
			name = Debug;
		};
		FCF0DB082EA728840025D478 /* Release */ = {
			isa = XCBuildConfiguration;
			buildSettings = {
				ALWAYS_SEARCH_USER_PATHS = NO;
				ASSETCATALOG_COMPILER_GENERATE_SWIFT_ASSET_SYMBOL_EXTENSIONS = YES;
				CLANG_ANALYZER_NONNULL = YES;
				CLANG_ANALYZER_NUMBER_OBJECT_CONVERSION = YES_AGGRESSIVE;
				CLANG_CXX_LANGUAGE_STANDARD = "gnu++20";
				CLANG_ENABLE_MODULES = YES;
				CLANG_ENABLE_OBJC_ARC = YES;
				CLANG_ENABLE_OBJC_WEAK = YES;
				CLANG_WARN_BLOCK_CAPTURE_AUTORELEASING = YES;
				CLANG_WARN_BOOL_CONVERSION = YES;
				CLANG_WARN_COMMA = YES;
				CLANG_WARN_CONSTANT_CONVERSION = YES;
				CLANG_WARN_DEPRECATED_OBJC_IMPLEMENTATIONS = YES;
				CLANG_WARN_DIRECT_OBJC_ISA_USAGE = YES_ERROR;
				CLANG_WARN_DOCUMENTATION_COMMENTS = YES;
				CLANG_WARN_EMPTY_BODY = YES;
				CLANG_WARN_ENUM_CONVERSION = YES;
				CLANG_WARN_INFINITE_RECURSION = YES;
				CLANG_WARN_INT_CONVERSION = YES;
				CLANG_WARN_NON_LITERAL_NULL_CONVERSION = YES;
				CLANG_WARN_OBJC_IMPLICIT_RETAIN_SELF = YES;
				CLANG_WARN_OBJC_LITERAL_CONVERSION = YES;
				CLANG_WARN_OBJC_ROOT_CLASS = YES_ERROR;
				CLANG_WARN_QUOTED_INCLUDE_IN_FRAMEWORK_HEADER = YES;
				CLANG_WARN_RANGE_LOOP_ANALYSIS = YES;
				CLANG_WARN_STRICT_PROTOTYPES = YES;
				CLANG_WARN_SUSPICIOUS_MOVE = YES;
				CLANG_WARN_UNGUARDED_AVAILABILITY = YES_AGGRESSIVE;
				CLANG_WARN_UNREACHABLE_CODE = YES;
				CLANG_WARN__DUPLICATE_METHOD_MATCH = YES;
				COPY_PHASE_STRIP = NO;
				DEBUG_INFORMATION_FORMAT = "dwarf-with-dsym";
				DEVELOPMENT_TEAM = 4ML6992G79;
				ENABLE_NS_ASSERTIONS = NO;
				ENABLE_STRICT_OBJC_MSGSEND = YES;
				ENABLE_USER_SCRIPT_SANDBOXING = YES;
				GCC_C_LANGUAGE_STANDARD = gnu17;
				GCC_NO_COMMON_BLOCKS = YES;
				GCC_WARN_64_TO_32_BIT_CONVERSION = YES;
				GCC_WARN_ABOUT_RETURN_TYPE = YES_ERROR;
				GCC_WARN_UNDECLARED_SELECTOR = YES;
				GCC_WARN_UNINITIALIZED_AUTOS = YES_AGGRESSIVE;
				GCC_WARN_UNUSED_FUNCTION = YES;
				GCC_WARN_UNUSED_VARIABLE = YES;
				INFOPLIST_KEY_NSBluetoothWhileInUseUsageDescription = "";
				INFOPLIST_KEY_NSCameraUsageDescription = YES;
				IPHONEOS_DEPLOYMENT_TARGET = 18.5;
				LOCALIZATION_PREFERS_STRING_CATALOGS = YES;
				MTL_ENABLE_DEBUG_INFO = NO;
				MTL_FAST_MATH = YES;
				SDKROOT = iphoneos;
				SWIFT_COMPILATION_MODE = wholemodule;
				VALIDATE_PRODUCT = YES;
			};
			name = Release;
		};
		FCF0DB0A2EA728840025D478 /* Debug */ = {
			isa = XCBuildConfiguration;
			buildSettings = {
				ASSETCATALOG_COMPILER_APPICON_NAME = AppIcon;
				ASSETCATALOG_COMPILER_GLOBAL_ACCENT_COLOR_NAME = AccentColor;
				CODE_SIGN_STYLE = Automatic;
				CURRENT_PROJECT_VERSION = 1;
				DEVELOPMENT_TEAM = 4ML6992G79;
				ENABLE_PREVIEWS = YES;
				GENERATE_INFOPLIST_FILE = YES;
				INFOPLIST_FILE = mvpauthenticatorios/Info.plist;
				INFOPLIST_KEY_NSBluetoothWhileInUseUsageDescription = "";
				INFOPLIST_KEY_NSCameraUsageDescription = YES;
				INFOPLIST_KEY_UIApplicationSceneManifest_Generation = YES;
				INFOPLIST_KEY_UIApplicationSupportsIndirectInputEvents = YES;
				INFOPLIST_KEY_UILaunchScreen_Generation = YES;
				INFOPLIST_KEY_UISupportedInterfaceOrientations_iPhone = "UIInterfaceOrientationPortrait UIInterfaceOrientationLandscapeLeft UIInterfaceOrientationLandscapeRight";
				LD_RUNPATH_SEARCH_PATHS = (
					"$(inherited)",
					"@executable_path/Frameworks",
				);
				MARKETING_VERSION = 1.0;
				PRODUCT_BUNDLE_IDENTIFIER = com.example.mvpauthenticatorios;
				PRODUCT_NAME = "$(TARGET_NAME)";
				SWIFT_EMIT_LOC_STRINGS = YES;
				SWIFT_VERSION = 5.0;
				TARGETED_DEVICE_FAMILY = "1,2";
			};
			name = Debug;
		};
		FCF0DB0B2EA728840025D478 /* Release */ = {
			isa = XCBuildConfiguration;
			buildSettings = {
				ASSETCATALOG_COMPILER_APPICON_NAME = AppIcon;
				ASSETCATALOG_COMPILER_GLOBAL_ACCENT_COLOR_NAME = AccentColor;
				CODE_SIGN_STYLE = Automatic;
				CURRENT_PROJECT_VERSION = 1;
				DEVELOPMENT_TEAM = 4ML6992G79;
				ENABLE_PREVIEWS = YES;
				GENERATE_INFOPLIST_FILE = YES;
				INFOPLIST_FILE = mvpauthenticatorios/Info.plist;
				INFOPLIST_KEY_NSBluetoothWhileInUseUsageDescription = "";
				INFOPLIST_KEY_NSCameraUsageDescription = YES;
				INFOPLIST_KEY_UIApplicationSceneManifest_Generation = YES;
				INFOPLIST_KEY_UIApplicationSupportsIndirectInputEvents = YES;
				INFOPLIST_KEY_UILaunchScreen_Generation = YES;
				INFOPLIST_KEY_UISupportedInterfaceOrientations_iPhone = "UIInterfaceOrientationPortrait UIInterfaceOrientationLandscapeLeft UIInterfaceOrientationLandscapeRight";
				LD_RUNPATH_SEARCH_PATHS = (
					"$(inherited)",
					"@executable_path/Frameworks",
				);
				MARKETING_VERSION = 1.0;
				PRODUCT_BUNDLE_IDENTIFIER = com.example.mvpauthenticatorios;
				PRODUCT_NAME = "$(TARGET_NAME)";
				SWIFT_EMIT_LOC_STRINGS = YES;
				SWIFT_VERSION = 5.0;
				TARGETED_DEVICE_FAMILY = "1,2";
			};
			name = Release;
		};
		FCF0DB0D2EA728840025D478 /* Debug */ = {
			isa = XCBuildConfiguration;
			buildSettings = {
				BUNDLE_LOADER = "$(TEST_HOST)";
				CODE_SIGN_STYLE = Automatic;
				CURRENT_PROJECT_VERSION = 1;
				DEVELOPMENT_TEAM = 4ML6992G79;
				GENERATE_INFOPLIST_FILE = YES;
				IPHONEOS_DEPLOYMENT_TARGET = 18.5;
				MARKETING_VERSION = 1.0;
				PRODUCT_BUNDLE_IDENTIFIER = com.example.mvpauthenticatoriosTests;
				PRODUCT_NAME = "$(TARGET_NAME)";
				SWIFT_EMIT_LOC_STRINGS = NO;
				SWIFT_VERSION = 5.0;
				TARGETED_DEVICE_FAMILY = "1,2";
				TEST_HOST = "$(BUILT_PRODUCTS_DIR)/mvpauthenticatorios.app/$(BUNDLE_EXECUTABLE_FOLDER_PATH)/mvpauthenticatorios";
			};
			name = Debug;
		};
		FCF0DB0E2EA728840025D478 /* Release */ = {
			isa = XCBuildConfiguration;
			buildSettings = {
				BUNDLE_LOADER = "$(TEST_HOST)";
				CODE_SIGN_STYLE = Automatic;
				CURRENT_PROJECT_VERSION = 1;
				DEVELOPMENT_TEAM = 4ML6992G79;
				GENERATE_INFOPLIST_FILE = YES;
				IPHONEOS_DEPLOYMENT_TARGET = 18.5;
				MARKETING_VERSION = 1.0;
				PRODUCT_BUNDLE_IDENTIFIER = com.example.mvpauthenticatoriosTests;
				PRODUCT_NAME = "$(TARGET_NAME)";
				SWIFT_EMIT_LOC_STRINGS = NO;
				SWIFT_VERSION = 5.0;
				TARGETED_DEVICE_FAMILY = "1,2";
				TEST_HOST = "$(BUILT_PRODUCTS_DIR)/mvpauthenticatorios.app/$(BUNDLE_EXECUTABLE_FOLDER_PATH)/mvpauthenticatorios";
			};
			name = Release;
		};
		FCF0DB102EA728840025D478 /* Debug */ = {
			isa = XCBuildConfiguration;
			buildSettings = {
				CODE_SIGN_STYLE = Automatic;
				CURRENT_PROJECT_VERSION = 1;
				DEVELOPMENT_TEAM = 4ML6992G79;
				GENERATE_INFOPLIST_FILE = YES;
				MARKETING_VERSION = 1.0;
				PRODUCT_BUNDLE_IDENTIFIER = com.example.mvpauthenticatoriosUITests;
				PRODUCT_NAME = "$(TARGET_NAME)";
				SWIFT_EMIT_LOC_STRINGS = NO;
				SWIFT_VERSION = 5.0;
				TARGETED_DEVICE_FAMILY = "1,2";
				TEST_TARGET_NAME = mvpauthenticatorios;
			};
			name = Debug;
		};
		FCF0DB112EA728840025D478 /* Release */ = {
			isa = XCBuildConfiguration;
			buildSettings = {
				CODE_SIGN_STYLE = Automatic;
				CURRENT_PROJECT_VERSION = 1;
				DEVELOPMENT_TEAM = 4ML6992G79;
				GENERATE_INFOPLIST_FILE = YES;
				MARKETING_VERSION = 1.0;
				PRODUCT_BUNDLE_IDENTIFIER = com.example.mvpauthenticatoriosUITests;
				PRODUCT_NAME = "$(TARGET_NAME)";
				SWIFT_EMIT_LOC_STRINGS = NO;
				SWIFT_VERSION = 5.0;
				TARGETED_DEVICE_FAMILY = "1,2";
				TEST_TARGET_NAME = mvpauthenticatorios;
			};
			name = Release;
		};
/* End XCBuildConfiguration section */

/* Begin XCConfigurationList section */
		FCF0DAE32EA728830025D478 /* Build configuration list for PBXProject "mvpauthenticatorios" */ = {
			isa = XCConfigurationList;
			buildConfigurations = (
				FCF0DB072EA728840025D478 /* Debug */,
				FCF0DB082EA728840025D478 /* Release */,
			);
			defaultConfigurationIsVisible = 0;
			defaultConfigurationName = Release;
		};
		FCF0DB092EA728840025D478 /* Build configuration list for PBXNativeTarget "mvpauthenticatorios" */ = {
			isa = XCConfigurationList;
			buildConfigurations = (
				FCF0DB0A2EA728840025D478 /* Debug */,
				FCF0DB0B2EA728840025D478 /* Release */,
			);
			defaultConfigurationIsVisible = 0;
			defaultConfigurationName = Release;
		};
		FCF0DB0C2EA728840025D478 /* Build configuration list for PBXNativeTarget "mvpauthenticatoriosTests" */ = {
			isa = XCConfigurationList;
			buildConfigurations = (
				FCF0DB0D2EA728840025D478 /* Debug */,
				FCF0DB0E2EA728840025D478 /* Release */,
			);
			defaultConfigurationIsVisible = 0;
			defaultConfigurationName = Release;
		};
		FCF0DB0F2EA728840025D478 /* Build configuration list for PBXNativeTarget "mvpauthenticatoriosUITests" */ = {
			isa = XCConfigurationList;
			buildConfigurations = (
				FCF0DB102EA728840025D478 /* Debug */,
				FCF0DB112EA728840025D478 /* Release */,
			);
			defaultConfigurationIsVisible = 0;
			defaultConfigurationName = Release;
		};
/* End XCConfigurationList section */
	};
	rootObject = FCF0DAE02EA728830025D478 /* Project object */;
}
